<?xml version="1.0" encoding="utf-8"?>
<Project ToolsVersion="17.0" xmlns="http://schemas.microsoft.com/developer/msbuild/2003">
  <ItemGroup>
    <CustomBuild Include="C:\Users\garyq\Downloads\darknet-master\CMakeFiles\384a9dd823e860415a4f3c68905e181a\INSTALL_force.rule">
      <Filter>CMake Rules</Filter>
    </CustomBuild>
  </ItemGroup>
  <ItemGroup>
    <Filter Include="CMake Rules">
      <UniqueIdentifier>{79AAB3B5-EC63-319B-8775-DFD3F0DFCAC6}</UniqueIdentifier>
    </Filter>
  </ItemGroup>
</Project>
